// !$*UTF8*$!
{
	archiveVersion = 1;
	classes = {
	};
	objectVersion = 46;
	objects = {

/* Begin PBXBuildFile section */
		DBA103891F3443BE006CD71D /* main.m in Sources */ = {isa = PBXBuildFile; fileRef = DBA103881F3443BE006CD71D /* main.m */; };
		DBA1038C1F3443BE006CD71D /* AppDelegate.m in Sources */ = {isa = PBXBuildFile; fileRef = DBA1038B1F3443BE006CD71D /* AppDelegate.m */; };
		DBA1038F1F3443BE006CD71D /* ViewController.m in Sources */ = {isa = PBXBuildFile; fileRef = DBA1038E1F3443BE006CD71D /* ViewController.m */; };
		DBA103921F3443BE006CD71D /* Main.storyboard in Resources */ = {isa = PBXBuildFile; fileRef = DBA103901F3443BE006CD71D /* Main.storyboard */; };
		DBA103941F3443BE006CD71D /* Assets.xcassets in Resources */ = {isa = PBXBuildFile; fileRef = DBA103931F3443BE006CD71D /* Assets.xcassets */; };
		DBA103971F3443BE006CD71D /* LaunchScreen.storyboard in Resources */ = {isa = PBXBuildFile; fileRef = DBA103951F3443BE006CD71D /* LaunchScreen.storyboard */; };
		DBA103A21F3443BF006CD71D /* WHCAnimalDemoTests.m in Sources */ = {isa = PBXBuildFile; fileRef = DBA103A11F3443BF006CD71D /* WHCAnimalDemoTests.m */; };
		DBA103AD1F3443BF006CD71D /* WHCAnimalDemoUITests.m in Sources */ = {isa = PBXBuildFile; fileRef = DBA103AC1F3443BF006CD71D /* WHCAnimalDemoUITests.m */; };
		DBA103C31F3443D3006CD71D /* 1.png in Resources */ = {isa = PBXBuildFile; fileRef = DBA103BB1F3443D3006CD71D /* 1.png */; };
		DBA103C41F3443D3006CD71D /* bird1.png in Resources */ = {isa = PBXBuildFile; fileRef = DBA103BC1F3443D3006CD71D /* bird1.png */; };
		DBA103C51F3443D3006CD71D /* bluebird1.png in Resources */ = {isa = PBXBuildFile; fileRef = DBA103BD1F3443D3006CD71D /* bluebird1.png */; };
		DBA103C61F3443D3006CD71D /* ice1.png in Resources */ = {isa = PBXBuildFile; fileRef = DBA103BE1F3443D3006CD71D /* ice1.png */; };
		DBA103C71F3443D3006CD71D /* pig1.png in Resources */ = {isa = PBXBuildFile; fileRef = DBA103BF1F3443D3006CD71D /* pig1.png */; };
		DBA103C81F3443D3006CD71D /* pig_44.png in Resources */ = {isa = PBXBuildFile; fileRef = DBA103C01F3443D3006CD71D /* pig_44.png */; };
		DBA103C91F3443D3006CD71D /* shelf1.png in Resources */ = {isa = PBXBuildFile; fileRef = DBA103C11F3443D3006CD71D /* shelf1.png */; };
		DBA103CA1F3443D3006CD71D /* yellowbird1.png in Resources */ = {isa = PBXBuildFile; fileRef = DBA103C21F3443D3006CD71D /* yellowbird1.png */; };
/* End PBXBuildFile section */

/* Begin PBXContainerItemProxy section */
		DBA1039E1F3443BF006CD71D /* PBXContainerItemProxy */ = {
			isa = PBXContainerItemProxy;
			containerPortal = DBA1037C1F3443BE006CD71D /* Project object */;
			proxyType = 1;
			remoteGlobalIDString = DBA103831F3443BE006CD71D;
			remoteInfo = WHCAnimalDemo;
		};
		DBA103A91F3443BF006CD71D /* PBXContainerItemProxy */ = {
			isa = PBXContainerItemProxy;
			containerPortal = DBA1037C1F3443BE006CD71D /* Project object */;
			proxyType = 1;
			remoteGlobalIDString = DBA103831F3443BE006CD71D;
			remoteInfo = WHCAnimalDemo;
		};
/* End PBXContainerItemProxy section */

/* Begin PBXFileReference section */
		DBA103841F3443BE006CD71D /* WHCAnimalDemo.app */ = {isa = PBXFileReference; explicitFileType = wrapper.application; includeInIndex = 0; path = WHCAnimalDemo.app; sourceTree = BUILT_PRODUCTS_DIR; };
		DBA103881F3443BE006CD71D /* main.m */ = {isa = PBXFileReference; lastKnownFileType = sourcecode.c.objc; path = main.m; sourceTree = "<group>"; };
		DBA1038A1F3443BE006CD71D /* AppDelegate.h */ = {isa = PBXFileReference; lastKnownFileType = sourcecode.c.h; path = AppDelegate.h; sourceTree = "<group>"; };
		DBA1038B1F3443BE006CD71D /* AppDelegate.m */ = {isa = PBXFileReference; lastKnownFileType = sourcecode.c.objc; path = AppDelegate.m; sourceTree = "<group>"; };
		DBA1038D1F3443BE006CD71D /* ViewController.h */ = {isa = PBXFileReference; lastKnownFileType = sourcecode.c.h; path = ViewController.h; sourceTree = "<group>"; };
		DBA1038E1F3443BE006CD71D /* ViewController.m */ = {isa = PBXFileReference; lastKnownFileType = sourcecode.c.objc; path = ViewController.m; sourceTree = "<group>"; };
		DBA103911F3443BE006CD71D /* Base */ = {isa = PBXFileReference; lastKnownFileType = file.storyboard; name = Base; path = Base.lproj/Main.storyboard; sourceTree = "<group>"; };
		DBA103931F3443BE006CD71D /* Assets.xcassets */ = {isa = PBXFileReference; lastKnownFileType = folder.assetcatalog; path = Assets.xcassets; sourceTree = "<group>"; };
		DBA103961F3443BE006CD71D /* Base */ = {isa = PBXFileReference; lastKnownFileType = file.storyboard; name = Base; path = Base.lproj/LaunchScreen.storyboard; sourceTree = "<group>"; };
		DBA103981F3443BE006CD71D /* Info.plist */ = {isa = PBXFileReference; lastKnownFileType = text.plist.xml; path = Info.plist; sourceTree = "<group>"; };
		DBA1039D1F3443BF006CD71D /* WHCAnimalDemoTests.xctest */ = {isa = PBXFileReference; explicitFileType = wrapper.cfbundle; includeInIndex = 0; path = WHCAnimalDemoTests.xctest; sourceTree = BUILT_PRODUCTS_DIR; };
		DBA103A11F3443BF006CD71D /* WHCAnimalDemoTests.m */ = {isa = PBXFileReference; lastKnownFileType = sourcecode.c.objc; path = WHCAnimalDemoTests.m; sourceTree = "<group>"; };
		DBA103A31F3443BF006CD71D /* Info.plist */ = {isa = PBXFileReference; lastKnownFileType = text.plist.xml; path = Info.plist; sourceTree = "<group>"; };
		DBA103A81F3443BF006CD71D /* WHCAnimalDemoUITests.xctest */ = {isa = PBXFileReference; explicitFileType = wrapper.cfbundle; includeInIndex = 0; path = WHCAnimalDemoUITests.xctest; sourceTree = BUILT_PRODUCTS_DIR; };
		DBA103AC1F3443BF006CD71D /* WHCAnimalDemoUITests.m */ = {isa = PBXFileReference; lastKnownFileType = sourcecode.c.objc; path = WHCAnimalDemoUITests.m; sourceTree = "<group>"; };
		DBA103AE1F3443BF006CD71D /* Info.plist */ = {isa = PBXFileReference; lastKnownFileType = text.plist.xml; path = Info.plist; sourceTree = "<group>"; };
		DBA103BB1F3443D3006CD71D /* 1.png */ = {isa = PBXFileReference; lastKnownFileType = image.png; path = 1.png; sourceTree = "<group>"; };
		DBA103BC1F3443D3006CD71D /* bird1.png */ = {isa = PBXFileReference; lastKnownFileType = image.png; path = bird1.png; sourceTree = "<group>"; };
		DBA103BD1F3443D3006CD71D /* bluebird1.png */ = {isa = PBXFileReference; lastKnownFileType = image.png; path = bluebird1.png; sourceTree = "<group>"; };
		DBA103BE1F3443D3006CD71D /* ice1.png */ = {isa = PBXFileReference; lastKnownFileType = image.png; path = ice1.png; sourceTree = "<group>"; };
		DBA103BF1F3443D3006CD71D /* pig1.png */ = {isa = PBXFileReference; lastKnownFileType = image.png; path = pig1.png; sourceTree = "<group>"; };
		DBA103C01F3443D3006CD71D /* pig_44.png */ = {isa = PBXFileReference; lastKnownFileType = image.png; path = pig_44.png; sourceTree = "<group>"; };
		DBA103C11F3443D3006CD71D /* shelf1.png */ = {isa = PBXFileReference; lastKnownFileType = image.png; path = shelf1.png; sourceTree = "<group>"; };
		DBA103C21F3443D3006CD71D /* yellowbird1.png */ = {isa = PBXFileReference; lastKnownFileType = image.png; path = yellowbird1.png; sourceTree = "<group>"; };
/* End PBXFileReference section */

/* Begin PBXFrameworksBuildPhase section */
		DBA103811F3443BE006CD71D /* Frameworks */ = {
			isa = PBXFrameworksBuildPhase;
			buildActionMask = 2147483647;
			files = (
			);
			runOnlyForDeploymentPostprocessing = 0;
		};
		DBA1039A1F3443BF006CD71D /* Frameworks */ = {
			isa = PBXFrameworksBuildPhase;
			buildActionMask = 2147483647;
			files = (
			);
			runOnlyForDeploymentPostprocessing = 0;
		};
		DBA103A51F3443BF006CD71D /* Frameworks */ = {
			isa = PBXFrameworksBuildPhase;
			buildActionMask = 2147483647;
			files = (
			);
			runOnlyForDeploymentPostprocessing = 0;
		};
/* End PBXFrameworksBuildPhase section */

/* Begin PBXGroup section */
		DBA1037B1F3443BE006CD71D = {
			isa = PBXGroup;
			children = (
				DBA103861F3443BE006CD71D /* WHCAnimalDemo */,
				DBA103A01F3443BF006CD71D /* WHCAnimalDemoTests */,
				DBA103AB1F3443BF006CD71D /* WHCAnimalDemoUITests */,
				DBA103851F3443BE006CD71D /* Products */,
			);
			sourceTree = "<group>";
		};
		DBA103851F3443BE006CD71D /* Products */ = {
			isa = PBXGroup;
			children = (
				DBA103841F3443BE006CD71D /* WHCAnimalDemo.app */,
				DBA1039D1F3443BF006CD71D /* WHCAnimalDemoTests.xctest */,
				DBA103A81F3443BF006CD71D /* WHCAnimalDemoUITests.xctest */,
			);
			name = Products;
			sourceTree = "<group>";
		};
		DBA103861F3443BE006CD71D /* WHCAnimalDemo */ = {
			isa = PBXGroup;
			children = (
				DBA103BA1F3443D3006CD71D /* 愤怒的小鸟 */,
				DBA1038A1F3443BE006CD71D /* AppDelegate.h */,
				DBA1038B1F3443BE006CD71D /* AppDelegate.m */,
				DBA1038D1F3443BE006CD71D /* ViewController.h */,
				DBA1038E1F3443BE006CD71D /* ViewController.m */,
				DBA103901F3443BE006CD71D /* Main.storyboard */,
				DBA103931F3443BE006CD71D /* Assets.xcassets */,
				DBA103951F3443BE006CD71D /* LaunchScreen.storyboard */,
				DBA103981F3443BE006CD71D /* Info.plist */,
				DBA103871F3443BE006CD71D /* Supporting Files */,
			);
			path = WHCAnimalDemo;
			sourceTree = "<group>";
		};
		DBA103871F3443BE006CD71D /* Supporting Files */ = {
			isa = PBXGroup;
			children = (
				DBA103881F3443BE006CD71D /* main.m */,
			);
			name = "Supporting Files";
			sourceTree = "<group>";
		};
		DBA103A01F3443BF006CD71D /* WHCAnimalDemoTests */ = {
			isa = PBXGroup;
			children = (
				DBA103A11F3443BF006CD71D /* WHCAnimalDemoTests.m */,
				DBA103A31F3443BF006CD71D /* Info.plist */,
			);
			path = WHCAnimalDemoTests;
			sourceTree = "<group>";
		};
		DBA103AB1F3443BF006CD71D /* WHCAnimalDemoUITests */ = {
			isa = PBXGroup;
			children = (
				DBA103AC1F3443BF006CD71D /* WHCAnimalDemoUITests.m */,
				DBA103AE1F3443BF006CD71D /* Info.plist */,
			);
			path = WHCAnimalDemoUITests;
			sourceTree = "<group>";
		};
		DBA103BA1F3443D3006CD71D /* 愤怒的小鸟 */ = {
			isa = PBXGroup;
			children = (
				DBA103BB1F3443D3006CD71D /* 1.png */,
				DBA103BC1F3443D3006CD71D /* bird1.png */,
				DBA103BD1F3443D3006CD71D /* bluebird1.png */,
				DBA103BE1F3443D3006CD71D /* ice1.png */,
				DBA103BF1F3443D3006CD71D /* pig1.png */,
				DBA103C01F3443D3006CD71D /* pig_44.png */,
				DBA103C11F3443D3006CD71D /* shelf1.png */,
				DBA103C21F3443D3006CD71D /* yellowbird1.png */,
			);
			path = "愤怒的小鸟";
			sourceTree = "<group>";
		};
/* End PBXGroup section */

/* Begin PBXNativeTarget section */
		DBA103831F3443BE006CD71D /* WHCAnimalDemo */ = {
			isa = PBXNativeTarget;
			buildConfigurationList = DBA103B11F3443BF006CD71D /* Build configuration list for PBXNativeTarget "WHCAnimalDemo" */;
			buildPhases = (
				DBA103801F3443BE006CD71D /* Sources */,
				DBA103811F3443BE006CD71D /* Frameworks */,
				DBA103821F3443BE006CD71D /* Resources */,
			);
			buildRules = (
			);
			dependencies = (
			);
			name = WHCAnimalDemo;
			productName = WHCAnimalDemo;
			productReference = DBA103841F3443BE006CD71D /* WHCAnimalDemo.app */;
			productType = "com.apple.product-type.application";
		};
		DBA1039C1F3443BF006CD71D /* WHCAnimalDemoTests */ = {
			isa = PBXNativeTarget;
			buildConfigurationList = DBA103B41F3443BF006CD71D /* Build configuration list for PBXNativeTarget "WHCAnimalDemoTests" */;
			buildPhases = (
				DBA103991F3443BF006CD71D /* Sources */,
				DBA1039A1F3443BF006CD71D /* Frameworks */,
				DBA1039B1F3443BF006CD71D /* Resources */,
			);
			buildRules = (
			);
			dependencies = (
				DBA1039F1F3443BF006CD71D /* PBXTargetDependency */,
			);
			name = WHCAnimalDemoTests;
			productName = WHCAnimalDemoTests;
			productReference = DBA1039D1F3443BF006CD71D /* WHCAnimalDemoTests.xctest */;
			productType = "com.apple.product-type.bundle.unit-test";
		};
		DBA103A71F3443BF006CD71D /* WHCAnimalDemoUITests */ = {
			isa = PBXNativeTarget;
			buildConfigurationList = DBA103B71F3443BF006CD71D /* Build configuration list for PBXNativeTarget "WHCAnimalDemoUITests" */;
			buildPhases = (
				DBA103A41F3443BF006CD71D /* Sources */,
				DBA103A51F3443BF006CD71D /* Frameworks */,
				DBA103A61F3443BF006CD71D /* Resources */,
			);
			buildRules = (
			);
			dependencies = (
				DBA103AA1F3443BF006CD71D /* PBXTargetDependency */,
			);
			name = WHCAnimalDemoUITests;
			productName = WHCAnimalDemoUITests;
			productReference = DBA103A81F3443BF006CD71D /* WHCAnimalDemoUITests.xctest */;
			productType = "com.apple.product-type.bundle.ui-testing";
		};
/* End PBXNativeTarget section */

/* Begin PBXProject section */
		DBA1037C1F3443BE006CD71D /* Project object */ = {
			isa = PBXProject;
			attributes = {
				LastUpgradeCheck = 0830;
				ORGANIZATIONNAME = Wang;
				TargetAttributes = {
					DBA103831F3443BE006CD71D = {
						CreatedOnToolsVersion = 8.3.3;
						ProvisioningStyle = Automatic;
					};
					DBA1039C1F3443BF006CD71D = {
						CreatedOnToolsVersion = 8.3.3;
						ProvisioningStyle = Automatic;
						TestTargetID = DBA103831F3443BE006CD71D;
					};
					DBA103A71F3443BF006CD71D = {
						CreatedOnToolsVersion = 8.3.3;
						ProvisioningStyle = Automatic;
						TestTargetID = DBA103831F3443BE006CD71D;
					};
				};
			};
			buildConfigurationList = DBA1037F1F3443BE006CD71D /* Build configuration list for PBXProject "WHCAnimalDemo" */;
			compatibilityVersion = "Xcode 3.2";
			developmentRegion = English;
			hasScannedForEncodings = 0;
			knownRegions = (
				en,
				Base,
			);
			mainGroup = DBA1037B1F3443BE006CD71D;
			productRefGroup = DBA103851F3443BE006CD71D /* Products */;
			projectDirPath = "";
			projectRoot = "";
			targets = (
				DBA103831F3443BE006CD71D /* WHCAnimalDemo */,
				DBA1039C1F3443BF006CD71D /* WHCAnimalDemoTests */,
				DBA103A71F3443BF006CD71D /* WHCAnimalDemoUITests */,
			);
		};
/* End PBXProject section */

/* Begin PBXResourcesBuildPhase section */
		DBA103821F3443BE006CD71D /* Resources */ = {
			isa = PBXResourcesBuildPhase;
			buildActionMask = 2147483647;
			files = (
				DBA103C91F3443D3006CD71D /* shelf1.png in Resources */,
				DBA103C41F3443D3006CD71D /* bird1.png in Resources */,
				DBA103CA1F3443D3006CD71D /* yellowbird1.png in Resources */,
				DBA103971F3443BE006CD71D /* LaunchScreen.storyboard in Resources */,
				DBA103C51F3443D3006CD71D /* bluebird1.png in Resources */,
				DBA103C31F3443D3006CD71D /* 1.png in Resources */,
				DBA103C71F3443D3006CD71D /* pig1.png in Resources */,
				DBA103941F3443BE006CD71D /* Assets.xcassets in Resources */,
				DBA103C61F3443D3006CD71D /* ice1.png in Resources */,
				DBA103C81F3443D3006CD71D /* pig_44.png in Resources */,
				DBA103921F3443BE006CD71D /* Main.storyboard in Resources */,
			);
			runOnlyForDeploymentPostprocessing = 0;
		};
		DBA1039B1F3443BF006CD71D /* Resources */ = {
			isa = PBXResourcesBuildPhase;
			buildActionMask = 2147483647;
			files = (
			);
			runOnlyForDeploymentPostprocessing = 0;
		};
		DBA103A61F3443BF006CD71D /* Resources */ = {
			isa = PBXResourcesBuildPhase;
			buildActionMask = 2147483647;
			files = (
			);
			runOnlyForDeploymentPostprocessing = 0;
		};
/* End PBXResourcesBuildPhase section */

/* Begin PBXSourcesBuildPhase section */
		DBA103801F3443BE006CD71D /* Sources */ = {
			isa = PBXSourcesBuildPhase;
			buildActionMask = 2147483647;
			files = (
				DBA1038F1F3443BE006CD71D /* ViewController.m in Sources */,
				DBA1038C1F3443BE006CD71D /* AppDelegate.m in Sources */,
				DBA103891F3443BE006CD71D /* main.m in Sources */,
			);
			runOnlyForDeploymentPostprocessing = 0;
		};
		DBA103991F3443BF006CD71D /* Sources */ = {
			isa = PBXSourcesBuildPhase;
			buildActionMask = 2147483647;
			files = (
				DBA103A21F3443BF006CD71D /* WHCAnimalDemoTests.m in Sources */,
			);
			runOnlyForDeploymentPostprocessing = 0;
		};
		DBA103A41F3443BF006CD71D /* Sources */ = {
			isa = PBXSourcesBuildPhase;
			buildActionMask = 2147483647;
			files = (
				DBA103AD1F3443BF006CD71D /* WHCAnimalDemoUITests.m in Sources */,
			);
			runOnlyForDeploymentPostprocessing = 0;
		};
/* End PBXSourcesBuildPhase section */

/* Begin PBXTargetDependency section */
		DBA1039F1F3443BF006CD71D /* PBXTargetDependency */ = {
			isa = PBXTargetDependency;
			target = DBA103831F3443BE006CD71D /* WHCAnimalDemo */;
			targetProxy = DBA1039E1F3443BF006CD71D /* PBXContainerItemProxy */;
		};
		DBA103AA1F3443BF006CD71D /* PBXTargetDependency */ = {
			isa = PBXTargetDependency;
			target = DBA103831F3443BE006CD71D /* WHCAnimalDemo */;
			targetProxy = DBA103A91F3443BF006CD71D /* PBXContainerItemProxy */;
		};
/* End PBXTargetDependency section */

/* Begin PBXVariantGroup section */
		DBA103901F3443BE006CD71D /* Main.storyboard */ = {
			isa = PBXVariantGroup;
			children = (
				DBA103911F3443BE006CD71D /* Base */,
			);
			name = Main.storyboard;
			sourceTree = "<group>";
		};
		DBA103951F3443BE006CD71D /* LaunchScreen.storyboard */ = {
			isa = PBXVariantGroup;
			children = (
				DBA103961F3443BE006CD71D /* Base */,
			);
			name = LaunchScreen.storyboard;
			sourceTree = "<group>";
		};
/* End PBXVariantGroup section */

/* Begin XCBuildConfiguration section */
		DBA103AF1F3443BF006CD71D /* Debug */ = {
			isa = XCBuildConfiguration;
			buildSettings = {
				ALWAYS_SEARCH_USER_PATHS = NO;
				CLANG_ANALYZER_NONNULL = YES;
				CLANG_ANALYZER_NUMBER_OBJECT_CONVERSION = YES_AGGRESSIVE;
				CLANG_CXX_LANGUAGE_STANDARD = "gnu++0x";
				CLANG_CXX_LIBRARY = "libc++";
				CLANG_ENABLE_MODULES = YES;
				CLANG_ENABLE_OBJC_ARC = YES;
				CLANG_WARN_BOOL_CONVERSION = YES;
				CLANG_WARN_CONSTANT_CONVERSION = YES;
				CLANG_WARN_DIRECT_OBJC_ISA_USAGE = YES_ERROR;
				CLANG_WARN_DOCUMENTATION_COMMENTS = YES;
				CLANG_WARN_EMPTY_BODY = YES;
				CLANG_WARN_ENUM_CONVERSION = YES;
				CLANG_WARN_INFINITE_RECURSION = YES;
				CLANG_WARN_INT_CONVERSION = YES;
				CLANG_WARN_OBJC_ROOT_CLASS = YES_ERROR;
				CLANG_WARN_SUSPICIOUS_MOVE = YES;
				CLANG_WARN_UNREACHABLE_CODE = YES;
				CLANG_WARN__DUPLICATE_METHOD_MATCH = YES;
				"CODE_SIGN_IDENTITY[sdk=iphoneos*]" = "iPhone Developer";
				COPY_PHASE_STRIP = NO;
				DEBUG_INFORMATION_FORMAT = dwarf;
				ENABLE_STRICT_OBJC_MSGSEND = YES;
				ENABLE_TESTABILITY = YES;
				GCC_C_LANGUAGE_STANDARD = gnu99;
				GCC_DYNAMIC_NO_PIC = NO;
				GCC_NO_COMMON_BLOCKS = YES;
				GCC_OPTIMIZATION_LEVEL = 0;
				GCC_PREPROCESSOR_DEFINITIONS = (
					"DEBUG=1",
					"$(inherited)",
				);
				GCC_WARN_64_TO_32_BIT_CONVERSION = YES;
				GCC_WARN_ABOUT_RETURN_TYPE = YES_ERROR;
				GCC_WARN_UNDECLARED_SELECTOR = YES;
				GCC_WARN_UNINITIALIZED_AUTOS = YES_AGGRESSIVE;
				GCC_WARN_UNUSED_FUNCTION = YES;
				GCC_WARN_UNUSED_VARIABLE = YES;
				IPHONEOS_DEPLOYMENT_TARGET = 10.3;
				MTL_ENABLE_DEBUG_INFO = YES;
				ONLY_ACTIVE_ARCH = YES;
				SDKROOT = iphoneos;
				TARGETED_DEVICE_FAMILY = "1,2";
			};
			name = Debug;
		};
		DBA103B01F3443BF006CD71D /* Release */ = {
			isa = XCBuildConfiguration;
			buildSettings = {
				ALWAYS_SEARCH_USER_PATHS = NO;
				CLANG_ANALYZER_NONNULL = YES;
				CLANG_ANALYZER_NUMBER_OBJECT_CONVERSION = YES_AGGRESSIVE;
				CLANG_CXX_LANGUAGE_STANDARD = "gnu++0x";
				CLANG_CXX_LIBRARY = "libc++";
				CLANG_ENABLE_MODULES = YES;
				CLANG_ENABLE_OBJC_ARC = YES;
				CLANG_WARN_BOOL_CONVERSION = YES;
				CLANG_WARN_CONSTANT_CONVERSION = YES;
				CLANG_WARN_DIRECT_OBJC_ISA_USAGE = YES_ERROR;
				CLANG_WARN_DOCUMENTATION_COMMENTS = YES;
				CLANG_WARN_EMPTY_BODY = YES;
				CLANG_WARN_ENUM_CONVERSION = YES;
				CLANG_WARN_INFINITE_RECURSION = YES;
				CLANG_WARN_INT_CONVERSION = YES;
				CLANG_WARN_OBJC_ROOT_CLASS = YES_ERROR;
				CLANG_WARN_SUSPICIOUS_MOVE = YES;
				CLANG_WARN_UNREACHABLE_CODE = YES;
				CLANG_WARN__DUPLICATE_METHOD_MATCH = YES;
				"CODE_SIGN_IDENTITY[sdk=iphoneos*]" = "iPhone Developer";
				COPY_PHASE_STRIP = NO;
				DEBUG_INFORMATION_FORMAT = "dwarf-with-dsym";
				ENABLE_NS_ASSERTIONS = NO;
				ENABLE_STRICT_OBJC_MSGSEND = YES;
				GCC_C_LANGUAGE_STANDARD = gnu99;
				GCC_NO_COMMON_BLOCKS = YES;
				GCC_WARN_64_TO_32_BIT_CONVERSION = YES;
				GCC_WARN_ABOUT_RETURN_TYPE = YES_ERROR;
				GCC_WARN_UNDECLARED_SELECTOR = YES;
				GCC_WARN_UNINITIALIZED_AUTOS = YES_AGGRESSIVE;
				GCC_WARN_UNUSED_FUNCTION = YES;
				GCC_WARN_UNUSED_VARIABLE = YES;
				IPHONEOS_DEPLOYMENT_TARGET = 10.3;
				MTL_ENABLE_DEBUG_INFO = NO;
				SDKROOT = iphoneos;
				TARGETED_DEVICE_FAMILY = "1,2";
				VALIDATE_PRODUCT = YES;
			};
			name = Release;
		};
		DBA103B21F3443BF006CD71D /* Debug */ = {
			isa = XCBuildConfiguration;
			buildSettings = {
				ASSETCATALOG_COMPILER_APPICON_NAME = AppIcon;
				INFOPLIST_FILE = WHCAnimalDemo/Info.plist;
				LD_RUNPATH_SEARCH_PATHS = "$(inherited) @executable_path/Frameworks";
				PRODUCT_BUNDLE_IDENTIFIER = hz.WHCAnimalDemo;
				PRODUCT_NAME = "$(TARGET_NAME)";
			};
			name = Debug;
		};
		DBA103B31F3443BF006CD71D /* Release */ = {
			isa = XCBuildConfiguration;
			buildSettings = {
				ASSETCATALOG_COMPILER_APPICON_NAME = AppIcon;
				INFOPLIST_FILE = WHCAnimalDemo/Info.plist;
				LD_RUNPATH_SEARCH_PATHS = "$(inherited) @executable_path/Frameworks";
				PRODUCT_BUNDLE_IDENTIFIER = hz.WHCAnimalDemo;
				PRODUCT_NAME = "$(TARGET_NAME)";
			};
			name = Release;
		};
		DBA103B51F3443BF006CD71D /* Debug */ = {
			isa = XCBuildConfiguration;
			buildSettings = {
				BUNDLE_LOADER = "$(TEST_HOST)";
				INFOPLIST_FILE = WHCAnimalDemoTests/Info.plist;
				LD_RUNPATH_SEARCH_PATHS = "$(inherited) @executable_path/Frameworks @loader_path/Frameworks";
				PRODUCT_BUNDLE_IDENTIFIER = hz.WHCAnimalDemoTests;
				PRODUCT_NAME = "$(TARGET_NAME)";
				TEST_HOST = "$(BUILT_PRODUCTS_DIR)/WHCAnimalDemo.app/WHCAnimalDemo";
			};
			name = Debug;
		};
		DBA103B61F3443BF006CD71D /* Release */ = {
			isa = XCBuildConfiguration;
			buildSettings = {
				BUNDLE_LOADER = "$(TEST_HOST)";
				INFOPLIST_FILE = WHCAnimalDemoTests/Info.plist;
				LD_RUNPATH_SEARCH_PATHS = "$(inherited) @executable_path/Frameworks @loader_path/Frameworks";
				PRODUCT_BUNDLE_IDENTIFIER = hz.WHCAnimalDemoTests;
				PRODUCT_NAME = "$(TARGET_NAME)";
				TEST_HOST = "$(BUILT_PRODUCTS_DIR)/WHCAnimalDemo.app/WHCAnimalDemo";
			};
			name = Release;
		};
		DBA103B81F3443BF006CD71D /* Debug */ = {
			isa = XCBuildConfiguration;
			buildSettings = {
				INFOPLIST_FILE = WHCAnimalDemoUITests/Info.plist;
				LD_RUNPATH_SEARCH_PATHS = "$(inherited) @executable_path/Frameworks @loader_path/Frameworks";
				PRODUCT_BUNDLE_IDENTIFIER = hz.WHCAnimalDemoUITests;
				PRODUCT_NAME = "$(TARGET_NAME)";
				TEST_TARGET_NAME = WHCAnimalDemo;
			};
			name = Debug;
		};
		DBA103B91F3443BF006CD71D /* Release */ = {
			isa = XCBuildConfiguration;
			buildSettings = {
				INFOPLIST_FILE = WHCAnimalDemoUITests/Info.plist;
				LD_RUNPATH_SEARCH_PATHS = "$(inherited) @executable_path/Frameworks @loader_path/Frameworks";
				PRODUCT_BUNDLE_IDENTIFIER = hz.WHCAnimalDemoUITests;
				PRODUCT_NAME = "$(TARGET_NAME)";
				TEST_TARGET_NAME = WHCAnimalDemo;
			};
			name = Release;
		};
/* End XCBuildConfiguration section */

/* Begin XCConfigurationList section */
		DBA1037F1F3443BE006CD71D /* Build configuration list for PBXProject "WHCAnimalDemo" */ = {
			isa = XCConfigurationList;
			buildConfigurations = (
				DBA103AF1F3443BF006CD71D /* Debug */,
				DBA103B01F3443BF006CD71D /* Release */,
			);
			defaultConfigurationIsVisible = 0;
			defaultConfigurationName = Release;
		};
		DBA103B11F3443BF006CD71D /* Build configuration list for PBXNativeTarget "WHCAnimalDemo" */ = {
			isa = XCConfigurationList;
			buildConfigurations = (
				DBA103B21F3443BF006CD71D /* Debug */,
				DBA103B31F3443BF006CD71D /* Release */,
			);
			defaultConfigurationIsVisible = 0;
		};
		DBA103B41F3443BF006CD71D /* Build configuration list for PBXNativeTarget "WHCAnimalDemoTests" */ = {
			isa = XCConfigurationList;
			buildConfigurations = (
				DBA103B51F3443BF006CD71D /* Debug */,
				DBA103B61F3443BF006CD71D /* Release */,
			);
			defaultConfigurationIsVisible = 0;
		};
		DBA103B71F3443BF006CD71D /* Build configuration list for PBXNativeTarget "WHCAnimalDemoUITests" */ = {
			isa = XCConfigurationList;
			buildConfigurations = (
				DBA103B81F3443BF006CD71D /* Debug */,
				DBA103B91F3443BF006CD71D /* Release */,
			);
			defaultConfigurationIsVisible = 0;
		};
/* End XCConfigurationList section */
	};
	rootObject = DBA1037C1F3443BE006CD71D /* Project object */;
}
